lockfileVersion: '9.0'

settings:
  autoInstallPeers: true
  excludeLinksFromLockfile: false

importers:

  .:
    dependencies:
      '@tauri-apps/api':
        specifier: ^2
        version: 2.2.0
      '@tauri-apps/plugin-opener':
        specifier: ^2
        version: 2.2.5
    devDependencies:
      '@tauri-apps/cli':
        specifier: ^2
        version: 2.2.7

packages:

  '@tauri-apps/api@2.2.0':
    resolution: {integrity: sha512-R8epOeZl1eJEl603aUMIGb4RXlhPjpgxbGVEaqY+0G5JG9vzV/clNlzTeqc+NLYXVqXcn8mb4c5b9pJIUDEyAg==}

  '@tauri-apps/cli-darwin-arm64@2.2.7':
    resolution: {integrity: sha512-54kcpxZ3X1Rq+pPTzk3iIcjEVY4yv493uRx/80rLoAA95vAC0c//31Whz75UVddDjJfZvXlXZ3uSZ+bnCOnt0A==}
    engines: {node: '>= 10'}
    cpu: [arm64]
    os: [darwin]

  '@tauri-apps/cli-darwin-x64@2.2.7':
    resolution: {integrity: sha512-Vgu2XtBWemLnarB+6LqQeLanDlRj7CeFN//H8bVVdjbNzxcSxsvbLYMBP8+3boa7eBnjDrqMImRySSgL6IrwTw==}
    engines: {node: '>= 10'}
    cpu: [x64]
    os: [darwin]

  '@tauri-apps/cli-linux-arm-gnueabihf@2.2.7':
    resolution: {integrity: sha512-+Clha2iQAiK9zoY/KKW0KLHkR0k36O78YLx5Sl98tWkwI3OBZFg5H5WT1plH/4sbZIS2aLFN6dw58/JlY9Bu/g==}
    engines: {node: '>= 10'}
    cpu: [arm]
    os: [linux]

  '@tauri-apps/cli-linux-arm64-gnu@2.2.7':
    resolution: {integrity: sha512-Z/Lp4SQe6BUEOays9BQAEum2pvZF4w9igyXijP+WbkOejZx4cDvarFJ5qXrqSLmBh7vxrdZcLwoLk9U//+yQrg==}
    engines: {node: '>= 10'}
    cpu: [arm64]
    os: [linux]

  '@tauri-apps/cli-linux-arm64-musl@2.2.7':
    resolution: {integrity: sha512-+8HZ+txff/Y3YjAh80XcLXcX8kpGXVdr1P8AfjLHxHdS6QD4Md+acSxGTTNbplmHuBaSHJvuTvZf9tU1eDCTDg==}
    engines: {node: '>= 10'}
    cpu: [arm64]
    os: [linux]

  '@tauri-apps/cli-linux-x64-gnu@2.2.7':
    resolution: {integrity: sha512-ahlSnuCnUntblp9dG7/w5ZWZOdzRFi3zl0oScgt7GF4KNAOEa7duADsxPA4/FT2hLRa0SvpqtD4IYFvCxoVv3Q==}
    engines: {node: '>= 10'}
    cpu: [x64]
    os: [linux]

  '@tauri-apps/cli-linux-x64-musl@2.2.7':
    resolution: {integrity: sha512-+qKAWnJRSX+pjjRbKAQgTdFY8ecdcu8UdJ69i7wn3ZcRn2nMMzOO2LOMOTQV42B7/Q64D1pIpmZj9yblTMvadA==}
    engines: {node: '>= 10'}
    cpu: [x64]
    os: [linux]

  '@tauri-apps/cli-win32-arm64-msvc@2.2.7':
    resolution: {integrity: sha512-aa86nRnrwT04u9D9fhf5JVssuAZlUCCc8AjqQjqODQjMd4BMA2+d4K9qBMpEG/1kVh95vZaNsLogjEaqSTTw4A==}
    engines: {node: '>= 10'}
    cpu: [arm64]
    os: [win32]

  '@tauri-apps/cli-win32-ia32-msvc@2.2.7':
    resolution: {integrity: sha512-EiJ5/25tLSQOSGvv+t6o3ZBfOTKB5S3vb+hHQuKbfmKdRF0XQu2YPdIi1CQw1DU97ZAE0Dq4frvnyYEKWgMzVQ==}
    engines: {node: '>= 10'}
    cpu: [ia32]
    os: [win32]

  '@tauri-apps/cli-win32-x64-msvc@2.2.7':
    resolution: {integrity: sha512-ZB8Kw90j8Ld+9tCWyD2fWCYfIrzbQohJ4DJSidNwbnehlZzP7wAz6Z3xjsvUdKtQ3ibtfoeTqVInzCCEpI+pWg==}
    engines: {node: '>= 10'}
    cpu: [x64]
    os: [win32]

  '@tauri-apps/cli@2.2.7':
    resolution: {integrity: sha512-ZnsS2B4BplwXP37celanNANiIy8TCYhvg5RT09n72uR/o+navFZtGpFSqljV8fy1Y4ixIPds8FrGSXJCN2BerA==}
    engines: {node: '>= 10'}
    hasBin: true

  '@tauri-apps/plugin-opener@2.2.5':
    resolution: {integrity: sha512-hHsJ9RPWpZvZEPVFaL+d25gABMUMOf/A6ESXnvf/ii9guTukj58WXsAE/SOysXRIhej7kseRCxnOnIMpSCdUsQ==}

snapshots:

  '@tauri-apps/api@2.2.0': {}

  '@tauri-apps/cli-darwin-arm64@2.2.7':
    optional: true

  '@tauri-apps/cli-darwin-x64@2.2.7':
    optional: true

  '@tauri-apps/cli-linux-arm-gnueabihf@2.2.7':
    optional: true

  '@tauri-apps/cli-linux-arm64-gnu@2.2.7':
    optional: true

  '@tauri-apps/cli-linux-arm64-musl@2.2.7':
    optional: true

  '@tauri-apps/cli-linux-x64-gnu@2.2.7':
    optional: true

  '@tauri-apps/cli-linux-x64-musl@2.2.7':
    optional: true

  '@tauri-apps/cli-win32-arm64-msvc@2.2.7':
    optional: true

  '@tauri-apps/cli-win32-ia32-msvc@2.2.7':
    optional: true

  '@tauri-apps/cli-win32-x64-msvc@2.2.7':
    optional: true

  '@tauri-apps/cli@2.2.7':
    optionalDependencies:
      '@tauri-apps/cli-darwin-arm64': 2.2.7
      '@tauri-apps/cli-darwin-x64': 2.2.7
      '@tauri-apps/cli-linux-arm-gnueabihf': 2.2.7
      '@tauri-apps/cli-linux-arm64-gnu': 2.2.7
      '@tauri-apps/cli-linux-arm64-musl': 2.2.7
      '@tauri-apps/cli-linux-x64-gnu': 2.2.7
      '@tauri-apps/cli-linux-x64-musl': 2.2.7
      '@tauri-apps/cli-win32-arm64-msvc': 2.2.7
      '@tauri-apps/cli-win32-ia32-msvc': 2.2.7
      '@tauri-apps/cli-win32-x64-msvc': 2.2.7

  '@tauri-apps/plugin-opener@2.2.5':
    dependencies:
      '@tauri-apps/api': 2.2.0
